
Microsoft Visual Studio Solution File, Format Version 12.00
# Visual Studio Version 16
VisualStudioVersion = 16.0.31313.79
MinimumVisualStudioVersion = 10.0.40219.1
Project("{FAE04EC0-301F-11D3-BF4B-00C04F79EFBC}") = "Blazor.JsonHighlight", "Blazor.JsonHighlight\Blazor.JsonHighlight.csproj", "{A29FCA32-B4D5-4263-980C-686CEEA0F0B1}"
EndProject
Project("{FAE04EC0-301F-11D3-BF4B-00C04F79EFBC}") = "Blazor.JsonHighlight.Demo", "Blazor.JsonHighlight.Demo\Blazor.JsonHighlight.Demo.csproj", "{EE76A204-D226-4AC6-B375-8CF8FC3A407B}"
EndProject
Global
	GlobalSection(SolutionConfigurationPlatforms) = preSolution
		Debug|Any CPU = Debug|Any CPU
		Release|Any CPU = Release|Any CPU
	EndGlobalSection
	GlobalSection(ProjectConfigurationPlatforms) = postSolution
		{A29FCA32-B4D5-4263-980C-686CEEA0F0B1}.Debug|Any CPU.ActiveCfg = Debug|Any CPU
		{A29FCA32-B4D5-4263-980C-686CEEA0F0B1}.Debug|Any CPU.Build.0 = Debug|Any CPU
		{A29FCA32-B4D5-4263-980C-686CEEA0F0B1}.Release|Any CPU.ActiveCfg = Release|Any CPU
		{A29FCA32-B4D5-4263-980C-686CEEA0F0B1}.Release|Any CPU.Build.0 = Release|Any CPU
		{EE76A204-D226-4AC6-B375-8CF8FC3A407B}.Debug|Any CPU.ActiveCfg = Debug|Any CPU
		{EE76A204-D226-4AC6-B375-8CF8FC3A407B}.Debug|Any CPU.Build.0 = Debug|Any CPU
		{EE76A204-D226-4AC6-B375-8CF8FC3A407B}.Release|Any CPU.ActiveCfg = Release|Any CPU
		{EE76A204-D226-4AC6-B375-8CF8FC3A407B}.Release|Any CPU.Build.0 = Release|Any CPU
	EndGlobalSection
	GlobalSection(SolutionProperties) = preSolution
		HideSolutionNode = FALSE
	EndGlobalSection
	GlobalSection(ExtensibilityGlobals) = postSolution
		SolutionGuid = {B5083723-AFA2-4437-AC4F-4C3D31AAC7D9}
	EndGlobalSection
EndGlobal
